// !$*UTF8*$!
{
	archiveVersion = 1;
	classes = {
	};
	objectVersion = 77;
	objects = {

/* Begin PBXBuildFile section */
		EFCD50C42C9D1B1D00F95B16 /* LLM in Frameworks */ = {isa = PBXBuildFile; productRef = EFCD50C32C9D1B1D00F95B16 /* LLM */; };
/* End PBXBuildFile section */

/* Begin PBXContainerItemProxy section */
		EFCD50A62C9D138A00F95B16 /* PBXContainerItemProxy */ = {
			isa = PBXContainerItemProxy;
			containerPortal = EFCD508C2C9D138800F95B16 /* Project object */;
			proxyType = 1;
			remoteGlobalIDString = EFCD50932C9D138800F95B16;
			remoteInfo = "Le Monitor";
		};
		EFCD50B02C9D138A00F95B16 /* PBXContainerItemProxy */ = {
			isa = PBXContainerItemProxy;
			containerPortal = EFCD508C2C9D138800F95B16 /* Project object */;
			proxyType = 1;
			remoteGlobalIDString = EFCD50932C9D138800F95B16;
			remoteInfo = "Le Monitor";
		};
/* End PBXContainerItemProxy section */

/* Begin PBXFileReference section */
		EFCD50942C9D138800F95B16 /* Le Monitor.app */ = {isa = PBXFileReference; explicitFileType = wrapper.application; includeInIndex = 0; path = "Le Monitor.app"; sourceTree = BUILT_PRODUCTS_DIR; };
		EFCD50A52C9D138A00F95B16 /* Le MonitorTests.xctest */ = {isa = PBXFileReference; explicitFileType = wrapper.cfbundle; includeInIndex = 0; path = "Le MonitorTests.xctest"; sourceTree = BUILT_PRODUCTS_DIR; };
		EFCD50AF2C9D138A00F95B16 /* Le MonitorUITests.xctest */ = {isa = PBXFileReference; explicitFileType = wrapper.cfbundle; includeInIndex = 0; path = "Le MonitorUITests.xctest"; sourceTree = BUILT_PRODUCTS_DIR; };
/* End PBXFileReference section */

/* Begin PBXFileSystemSynchronizedRootGroup section */
		EFCD50962C9D138800F95B16 /* Le Monitor */ = {
			isa = PBXFileSystemSynchronizedRootGroup;
			path = "Le Monitor";
			sourceTree = "<group>";
		};
		EFCD50A82C9D138A00F95B16 /* Le MonitorTests */ = {
			isa = PBXFileSystemSynchronizedRootGroup;
			path = "Le MonitorTests";
			sourceTree = "<group>";
		};
		EFCD50B22C9D138A00F95B16 /* Le MonitorUITests */ = {
			isa = PBXFileSystemSynchronizedRootGroup;
			path = "Le MonitorUITests";
			sourceTree = "<group>";
		};
/* End PBXFileSystemSynchronizedRootGroup section */

/* Begin PBXFrameworksBuildPhase section */
		EFCD50912C9D138800F95B16 /* Frameworks */ = {
			isa = PBXFrameworksBuildPhase;
			buildActionMask = 2147483647;
			files = (
				EFCD50C42C9D1B1D00F95B16 /* LLM in Frameworks */,
			);
			runOnlyForDeploymentPostprocessing = 0;
		};
		EFCD50A22C9D138A00F95B16 /* Frameworks */ = {
			isa = PBXFrameworksBuildPhase;
			buildActionMask = 2147483647;
			files = (
			);
			runOnlyForDeploymentPostprocessing = 0;
		};
		EFCD50AC2C9D138A00F95B16 /* Frameworks */ = {
			isa = PBXFrameworksBuildPhase;
			buildActionMask = 2147483647;
			files = (
			);
			runOnlyForDeploymentPostprocessing = 0;
		};
/* End PBXFrameworksBuildPhase section */

/* Begin PBXGroup section */
		EFCD508B2C9D138800F95B16 = {
			isa = PBXGroup;
			children = (
				EFCD50962C9D138800F95B16 /* Le Monitor */,
				EFCD50A82C9D138A00F95B16 /* Le MonitorTests */,
				EFCD50B22C9D138A00F95B16 /* Le MonitorUITests */,
				EFCD50952C9D138800F95B16 /* Products */,
			);
			sourceTree = "<group>";
		};
		EFCD50952C9D138800F95B16 /* Products */ = {
			isa = PBXGroup;
			children = (
				EFCD50942C9D138800F95B16 /* Le Monitor.app */,
				EFCD50A52C9D138A00F95B16 /* Le MonitorTests.xctest */,
				EFCD50AF2C9D138A00F95B16 /* Le MonitorUITests.xctest */,
			);
			name = Products;
			sourceTree = "<group>";
		};
/* End PBXGroup section */

/* Begin PBXNativeTarget section */
		EFCD50932C9D138800F95B16 /* Le Monitor */ = {
			isa = PBXNativeTarget;
			buildConfigurationList = EFCD50B92C9D138A00F95B16 /* Build configuration list for PBXNativeTarget "Le Monitor" */;
			buildPhases = (
				EFCD50902C9D138800F95B16 /* Sources */,
				EFCD50912C9D138800F95B16 /* Frameworks */,
				EFCD50922C9D138800F95B16 /* Resources */,
			);
			buildRules = (
			);
			dependencies = (
			);
			fileSystemSynchronizedGroups = (
				EFCD50962C9D138800F95B16 /* Le Monitor */,
			);
			name = "Le Monitor";
			packageProductDependencies = (
				EFCD50C32C9D1B1D00F95B16 /* LLM */,
			);
			productName = "Le Monitor";
			productReference = EFCD50942C9D138800F95B16 /* Le Monitor.app */;
			productType = "com.apple.product-type.application";
		};
		EFCD50A42C9D138A00F95B16 /* Le MonitorTests */ = {
			isa = PBXNativeTarget;
			buildConfigurationList = EFCD50BC2C9D138A00F95B16 /* Build configuration list for PBXNativeTarget "Le MonitorTests" */;
			buildPhases = (
				EFCD50A12C9D138A00F95B16 /* Sources */,
				EFCD50A22C9D138A00F95B16 /* Frameworks */,
				EFCD50A32C9D138A00F95B16 /* Resources */,
			);
			buildRules = (
			);
			dependencies = (
				EFCD50A72C9D138A00F95B16 /* PBXTargetDependency */,
			);
			fileSystemSynchronizedGroups = (
				EFCD50A82C9D138A00F95B16 /* Le MonitorTests */,
			);
			name = "Le MonitorTests";
			packageProductDependencies = (
			);
			productName = "Le MonitorTests";
			productReference = EFCD50A52C9D138A00F95B16 /* Le MonitorTests.xctest */;
			productType = "com.apple.product-type.bundle.unit-test";
		};
		EFCD50AE2C9D138A00F95B16 /* Le MonitorUITests */ = {
			isa = PBXNativeTarget;
			buildConfigurationList = EFCD50BF2C9D138A00F95B16 /* Build configuration list for PBXNativeTarget "Le MonitorUITests" */;
			buildPhases = (
				EFCD50AB2C9D138A00F95B16 /* Sources */,
				EFCD50AC2C9D138A00F95B16 /* Frameworks */,
				EFCD50AD2C9D138A00F95B16 /* Resources */,
			);
			buildRules = (
			);
			dependencies = (
				EFCD50B12C9D138A00F95B16 /* PBXTargetDependency */,
			);
			fileSystemSynchronizedGroups = (
				EFCD50B22C9D138A00F95B16 /* Le MonitorUITests */,
			);
			name = "Le MonitorUITests";
			packageProductDependencies = (
			);
			productName = "Le MonitorUITests";
			productReference = EFCD50AF2C9D138A00F95B16 /* Le MonitorUITests.xctest */;
			productType = "com.apple.product-type.bundle.ui-testing";
		};
/* End PBXNativeTarget section */

/* Begin PBXProject section */
		EFCD508C2C9D138800F95B16 /* Project object */ = {
			isa = PBXProject;
			attributes = {
				BuildIndependentTargetsInParallel = 1;
				LastSwiftUpdateCheck = 1610;
				LastUpgradeCheck = 1610;
				TargetAttributes = {
					EFCD50932C9D138800F95B16 = {
						CreatedOnToolsVersion = 16.1;
					};
					EFCD50A42C9D138A00F95B16 = {
						CreatedOnToolsVersion = 16.1;
						TestTargetID = EFCD50932C9D138800F95B16;
					};
					EFCD50AE2C9D138A00F95B16 = {
						CreatedOnToolsVersion = 16.1;
						TestTargetID = EFCD50932C9D138800F95B16;
					};
				};
			};
			buildConfigurationList = EFCD508F2C9D138800F95B16 /* Build configuration list for PBXProject "Le Monitor" */;
			developmentRegion = en;
			hasScannedForEncodings = 0;
			knownRegions = (
				en,
				Base,
			);
			mainGroup = EFCD508B2C9D138800F95B16;
			minimizedProjectReferenceProxies = 1;
			packageReferences = (
				EFCD50C22C9D1B1D00F95B16 /* XCLocalSwiftPackageReference "../../../Swift Packages/LLM.swift-main" */,
			);
			preferredProjectObjectVersion = 77;
			productRefGroup = EFCD50952C9D138800F95B16 /* Products */;
			projectDirPath = "";
			projectRoot = "";
			targets = (
				EFCD50932C9D138800F95B16 /* Le Monitor */,
				EFCD50A42C9D138A00F95B16 /* Le MonitorTests */,
				EFCD50AE2C9D138A00F95B16 /* Le MonitorUITests */,
			);
		};
/* End PBXProject section */

/* Begin PBXResourcesBuildPhase section */
		EFCD50922C9D138800F95B16 /* Resources */ = {
			isa = PBXResourcesBuildPhase;
			buildActionMask = 2147483647;
			files = (
			);
			runOnlyForDeploymentPostprocessing = 0;
		};
		EFCD50A32C9D138A00F95B16 /* Resources */ = {
			isa = PBXResourcesBuildPhase;
			buildActionMask = 2147483647;
			files = (
			);
			runOnlyForDeploymentPostprocessing = 0;
		};
		EFCD50AD2C9D138A00F95B16 /* Resources */ = {
			isa = PBXResourcesBuildPhase;
			buildActionMask = 2147483647;
			files = (
			);
			runOnlyForDeploymentPostprocessing = 0;
		};
/* End PBXResourcesBuildPhase section */

/* Begin PBXSourcesBuildPhase section */
		EFCD50902C9D138800F95B16 /* Sources */ = {
			isa = PBXSourcesBuildPhase;
			buildActionMask = 2147483647;
			files = (
			);
			runOnlyForDeploymentPostprocessing = 0;
		};
		EFCD50A12C9D138A00F95B16 /* Sources */ = {
			isa = PBXSourcesBuildPhase;
			buildActionMask = 2147483647;
			files = (
			);
			runOnlyForDeploymentPostprocessing = 0;
		};
		EFCD50AB2C9D138A00F95B16 /* Sources */ = {
			isa = PBXSourcesBuildPhase;
			buildActionMask = 2147483647;
			files = (
			);
			runOnlyForDeploymentPostprocessing = 0;
		};
/* End PBXSourcesBuildPhase section */

/* Begin PBXTargetDependency section */
		EFCD50A72C9D138A00F95B16 /* PBXTargetDependency */ = {
			isa = PBXTargetDependency;
			target = EFCD50932C9D138800F95B16 /* Le Monitor */;
			targetProxy = EFCD50A62C9D138A00F95B16 /* PBXContainerItemProxy */;
		};
		EFCD50B12C9D138A00F95B16 /* PBXTargetDependency */ = {
			isa = PBXTargetDependency;
			target = EFCD50932C9D138800F95B16 /* Le Monitor */;
			targetProxy = EFCD50B02C9D138A00F95B16 /* PBXContainerItemProxy */;
		};
/* End PBXTargetDependency section */

/* Begin XCBuildConfiguration section */
		EFCD50B72C9D138A00F95B16 /* Debug */ = {
			isa = XCBuildConfiguration;
			buildSettings = {
				ALWAYS_SEARCH_USER_PATHS = NO;
				ASSETCATALOG_COMPILER_GENERATE_SWIFT_ASSET_SYMBOL_EXTENSIONS = YES;
				CLANG_ANALYZER_NONNULL = YES;
				CLANG_ANALYZER_NUMBER_OBJECT_CONVERSION = YES_AGGRESSIVE;
				CLANG_CXX_LANGUAGE_STANDARD = "gnu++20";
				CLANG_ENABLE_MODULES = YES;
				CLANG_ENABLE_OBJC_ARC = YES;
				CLANG_ENABLE_OBJC_WEAK = YES;
				CLANG_WARN_BLOCK_CAPTURE_AUTORELEASING = YES;
				CLANG_WARN_BOOL_CONVERSION = YES;
				CLANG_WARN_COMMA = YES;
				CLANG_WARN_CONSTANT_CONVERSION = YES;
				CLANG_WARN_DEPRECATED_OBJC_IMPLEMENTATIONS = YES;
				CLANG_WARN_DIRECT_OBJC_ISA_USAGE = YES_ERROR;
				CLANG_WARN_DOCUMENTATION_COMMENTS = YES;
				CLANG_WARN_EMPTY_BODY = YES;
				CLANG_WARN_ENUM_CONVERSION = YES;
				CLANG_WARN_INFINITE_RECURSION = YES;
				CLANG_WARN_INT_CONVERSION = YES;
				CLANG_WARN_NON_LITERAL_NULL_CONVERSION = YES;
				CLANG_WARN_OBJC_IMPLICIT_RETAIN_SELF = YES;
				CLANG_WARN_OBJC_LITERAL_CONVERSION = YES;
				CLANG_WARN_OBJC_ROOT_CLASS = YES_ERROR;
				CLANG_WARN_QUOTED_INCLUDE_IN_FRAMEWORK_HEADER = YES;
				CLANG_WARN_RANGE_LOOP_ANALYSIS = YES;
				CLANG_WARN_STRICT_PROTOTYPES = YES;
				CLANG_WARN_SUSPICIOUS_MOVE = YES;
				CLANG_WARN_UNGUARDED_AVAILABILITY = YES_AGGRESSIVE;
				CLANG_WARN_UNREACHABLE_CODE = YES;
				CLANG_WARN__DUPLICATE_METHOD_MATCH = YES;
				COPY_PHASE_STRIP = NO;
				DEBUG_INFORMATION_FORMAT = dwarf;
				ENABLE_STRICT_OBJC_MSGSEND = YES;
				ENABLE_TESTABILITY = YES;
				ENABLE_USER_SCRIPT_SANDBOXING = YES;
				GCC_C_LANGUAGE_STANDARD = gnu17;
				GCC_DYNAMIC_NO_PIC = NO;
				GCC_NO_COMMON_BLOCKS = YES;
				GCC_OPTIMIZATION_LEVEL = 0;
				GCC_PREPROCESSOR_DEFINITIONS = (
					"DEBUG=1",
					"$(inherited)",
				);
				GCC_WARN_64_TO_32_BIT_CONVERSION = YES;
				GCC_WARN_ABOUT_RETURN_TYPE = YES_ERROR;
				GCC_WARN_UNDECLARED_SELECTOR = YES;
				GCC_WARN_UNINITIALIZED_AUTOS = YES_AGGRESSIVE;
				GCC_WARN_UNUSED_FUNCTION = YES;
				GCC_WARN_UNUSED_VARIABLE = YES;
				LOCALIZATION_PREFERS_STRING_CATALOGS = YES;
				MACOSX_DEPLOYMENT_TARGET = 15.1;
				MTL_ENABLE_DEBUG_INFO = INCLUDE_SOURCE;
				MTL_FAST_MATH = YES;
				ONLY_ACTIVE_ARCH = YES;
				SDKROOT = macosx;
				SWIFT_ACTIVE_COMPILATION_CONDITIONS = "DEBUG $(inherited)";
				SWIFT_OPTIMIZATION_LEVEL = "-Onone";
			};
			name = Debug;
		};
		EFCD50B82C9D138A00F95B16 /* Release */ = {
			isa = XCBuildConfiguration;
			buildSettings = {
				ALWAYS_SEARCH_USER_PATHS = NO;
				ASSETCATALOG_COMPILER_GENERATE_SWIFT_ASSET_SYMBOL_EXTENSIONS = YES;
				CLANG_ANALYZER_NONNULL = YES;
				CLANG_ANALYZER_NUMBER_OBJECT_CONVERSION = YES_AGGRESSIVE;
				CLANG_CXX_LANGUAGE_STANDARD = "gnu++20";
				CLANG_ENABLE_MODULES = YES;
				CLANG_ENABLE_OBJC_ARC = YES;
				CLANG_ENABLE_OBJC_WEAK = YES;
				CLANG_WARN_BLOCK_CAPTURE_AUTORELEASING = YES;
				CLANG_WARN_BOOL_CONVERSION = YES;
				CLANG_WARN_COMMA = YES;
				CLANG_WARN_CONSTANT_CONVERSION = YES;
				CLANG_WARN_DEPRECATED_OBJC_IMPLEMENTATIONS = YES;
				CLANG_WARN_DIRECT_OBJC_ISA_USAGE = YES_ERROR;
				CLANG_WARN_DOCUMENTATION_COMMENTS = YES;
				CLANG_WARN_EMPTY_BODY = YES;
				CLANG_WARN_ENUM_CONVERSION = YES;
				CLANG_WARN_INFINITE_RECURSION = YES;
				CLANG_WARN_INT_CONVERSION = YES;
				CLANG_WARN_NON_LITERAL_NULL_CONVERSION = YES;
				CLANG_WARN_OBJC_IMPLICIT_RETAIN_SELF = YES;
				CLANG_WARN_OBJC_LITERAL_CONVERSION = YES;
				CLANG_WARN_OBJC_ROOT_CLASS = YES_ERROR;
				CLANG_WARN_QUOTED_INCLUDE_IN_FRAMEWORK_HEADER = YES;
				CLANG_WARN_RANGE_LOOP_ANALYSIS = YES;
				CLANG_WARN_STRICT_PROTOTYPES = YES;
				CLANG_WARN_SUSPICIOUS_MOVE = YES;
				CLANG_WARN_UNGUARDED_AVAILABILITY = YES_AGGRESSIVE;
				CLANG_WARN_UNREACHABLE_CODE = YES;
				CLANG_WARN__DUPLICATE_METHOD_MATCH = YES;
				COPY_PHASE_STRIP = NO;
				DEBUG_INFORMATION_FORMAT = "dwarf-with-dsym";
				ENABLE_NS_ASSERTIONS = NO;
				ENABLE_STRICT_OBJC_MSGSEND = YES;
				ENABLE_USER_SCRIPT_SANDBOXING = YES;
				GCC_C_LANGUAGE_STANDARD = gnu17;
				GCC_NO_COMMON_BLOCKS = YES;
				GCC_WARN_64_TO_32_BIT_CONVERSION = YES;
				GCC_WARN_ABOUT_RETURN_TYPE = YES_ERROR;
				GCC_WARN_UNDECLARED_SELECTOR = YES;
				GCC_WARN_UNINITIALIZED_AUTOS = YES_AGGRESSIVE;
				GCC_WARN_UNUSED_FUNCTION = YES;
				GCC_WARN_UNUSED_VARIABLE = YES;
				LOCALIZATION_PREFERS_STRING_CATALOGS = YES;
				MACOSX_DEPLOYMENT_TARGET = 15.1;
				MTL_ENABLE_DEBUG_INFO = NO;
				MTL_FAST_MATH = YES;
				SDKROOT = macosx;
				SWIFT_COMPILATION_MODE = wholemodule;
			};
			name = Release;
		};
		EFCD50BA2C9D138A00F95B16 /* Debug */ = {
			isa = XCBuildConfiguration;
			buildSettings = {
				ASSETCATALOG_COMPILER_APPICON_NAME = AppIcon;
				ASSETCATALOG_COMPILER_GLOBAL_ACCENT_COLOR_NAME = AccentColor;
				CODE_SIGN_ENTITLEMENTS = "Le Monitor/Le_Monitor.entitlements";
				CODE_SIGN_STYLE = Automatic;
				COMBINE_HIDPI_IMAGES = YES;
				CURRENT_PROJECT_VERSION = 1;
				DEVELOPMENT_ASSET_PATHS = "\"Le Monitor/Preview Content\"";
				DEVELOPMENT_TEAM = U8FAH6HV34;
				ENABLE_HARDENED_RUNTIME = YES;
				ENABLE_PREVIEWS = YES;
				GENERATE_INFOPLIST_FILE = YES;
				INFOPLIST_KEY_NSHumanReadableCopyright = "";
				LD_RUNPATH_SEARCH_PATHS = (
					"$(inherited)",
					"@executable_path/../Frameworks",
				);
				MARKETING_VERSION = 1.0;
				PRODUCT_BUNDLE_IDENTIFIER = "dev.ms65537.Le-Monitor";
				PRODUCT_NAME = "$(TARGET_NAME)";
				SWIFT_EMIT_LOC_STRINGS = YES;
				SWIFT_VERSION = 5.0;
			};
			name = Debug;
		};
		EFCD50BB2C9D138A00F95B16 /* Release */ = {
			isa = XCBuildConfiguration;
			buildSettings = {
				ASSETCATALOG_COMPILER_APPICON_NAME = AppIcon;
				ASSETCATALOG_COMPILER_GLOBAL_ACCENT_COLOR_NAME = AccentColor;
				CODE_SIGN_ENTITLEMENTS = "Le Monitor/Le_Monitor.entitlements";
				CODE_SIGN_STYLE = Automatic;
				COMBINE_HIDPI_IMAGES = YES;
				CURRENT_PROJECT_VERSION = 1;
				DEVELOPMENT_ASSET_PATHS = "\"Le Monitor/Preview Content\"";
				DEVELOPMENT_TEAM = U8FAH6HV34;
				ENABLE_HARDENED_RUNTIME = YES;
				ENABLE_PREVIEWS = YES;
				GENERATE_INFOPLIST_FILE = YES;
				INFOPLIST_KEY_NSHumanReadableCopyright = "";
				LD_RUNPATH_SEARCH_PATHS = (
					"$(inherited)",
					"@executable_path/../Frameworks",
				);
				MARKETING_VERSION = 1.0;
				PRODUCT_BUNDLE_IDENTIFIER = "dev.ms65537.Le-Monitor";
				PRODUCT_NAME = "$(TARGET_NAME)";
				SWIFT_EMIT_LOC_STRINGS = YES;
				SWIFT_VERSION = 5.0;
			};
			name = Release;
		};
		EFCD50BD2C9D138A00F95B16 /* Debug */ = {
			isa = XCBuildConfiguration;
			buildSettings = {
				BUNDLE_LOADER = "$(TEST_HOST)";
				CODE_SIGN_STYLE = Automatic;
				CURRENT_PROJECT_VERSION = 1;
				DEVELOPMENT_TEAM = U8FAH6HV34;
				GENERATE_INFOPLIST_FILE = YES;
				MACOSX_DEPLOYMENT_TARGET = 15.1;
				MARKETING_VERSION = 1.0;
				PRODUCT_BUNDLE_IDENTIFIER = "dev.ms65537.Le-MonitorTests";
				PRODUCT_NAME = "$(TARGET_NAME)";
				SWIFT_EMIT_LOC_STRINGS = NO;
				SWIFT_VERSION = 5.0;
				TEST_HOST = "$(BUILT_PRODUCTS_DIR)/Le Monitor.app/$(BUNDLE_EXECUTABLE_FOLDER_PATH)/Le Monitor";
			};
			name = Debug;
		};
		EFCD50BE2C9D138A00F95B16 /* Release */ = {
			isa = XCBuildConfiguration;
			buildSettings = {
				BUNDLE_LOADER = "$(TEST_HOST)";
				CODE_SIGN_STYLE = Automatic;
				CURRENT_PROJECT_VERSION = 1;
				DEVELOPMENT_TEAM = U8FAH6HV34;
				GENERATE_INFOPLIST_FILE = YES;
				MACOSX_DEPLOYMENT_TARGET = 15.1;
				MARKETING_VERSION = 1.0;
				PRODUCT_BUNDLE_IDENTIFIER = "dev.ms65537.Le-MonitorTests";
				PRODUCT_NAME = "$(TARGET_NAME)";
				SWIFT_EMIT_LOC_STRINGS = NO;
				SWIFT_VERSION = 5.0;
				TEST_HOST = "$(BUILT_PRODUCTS_DIR)/Le Monitor.app/$(BUNDLE_EXECUTABLE_FOLDER_PATH)/Le Monitor";
			};
			name = Release;
		};
		EFCD50C02C9D138A00F95B16 /* Debug */ = {
			isa = XCBuildConfiguration;
			buildSettings = {
				CODE_SIGN_STYLE = Automatic;
				CURRENT_PROJECT_VERSION = 1;
				DEVELOPMENT_TEAM = U8FAH6HV34;
				GENERATE_INFOPLIST_FILE = YES;
				MARKETING_VERSION = 1.0;
				PRODUCT_BUNDLE_IDENTIFIER = "dev.ms65537.Le-MonitorUITests";
				PRODUCT_NAME = "$(TARGET_NAME)";
				SWIFT_EMIT_LOC_STRINGS = NO;
				SWIFT_VERSION = 5.0;
				TEST_TARGET_NAME = "Le Monitor";
			};
			name = Debug;
		};
		EFCD50C12C9D138A00F95B16 /* Release */ = {
			isa = XCBuildConfiguration;
			buildSettings = {
				CODE_SIGN_STYLE = Automatic;
				CURRENT_PROJECT_VERSION = 1;
				DEVELOPMENT_TEAM = U8FAH6HV34;
				GENERATE_INFOPLIST_FILE = YES;
				MARKETING_VERSION = 1.0;
				PRODUCT_BUNDLE_IDENTIFIER = "dev.ms65537.Le-MonitorUITests";
				PRODUCT_NAME = "$(TARGET_NAME)";
				SWIFT_EMIT_LOC_STRINGS = NO;
				SWIFT_VERSION = 5.0;
				TEST_TARGET_NAME = "Le Monitor";
			};
			name = Release;
		};
/* End XCBuildConfiguration section */

/* Begin XCConfigurationList section */
		EFCD508F2C9D138800F95B16 /* Build configuration list for PBXProject "Le Monitor" */ = {
			isa = XCConfigurationList;
			buildConfigurations = (
				EFCD50B72C9D138A00F95B16 /* Debug */,
				EFCD50B82C9D138A00F95B16 /* Release */,
			);
			defaultConfigurationIsVisible = 0;
			defaultConfigurationName = Release;
		};
		EFCD50B92C9D138A00F95B16 /* Build configuration list for PBXNativeTarget "Le Monitor" */ = {
			isa = XCConfigurationList;
			buildConfigurations = (
				EFCD50BA2C9D138A00F95B16 /* Debug */,
				EFCD50BB2C9D138A00F95B16 /* Release */,
			);
			defaultConfigurationIsVisible = 0;
			defaultConfigurationName = Release;
		};
		EFCD50BC2C9D138A00F95B16 /* Build configuration list for PBXNativeTarget "Le MonitorTests" */ = {
			isa = XCConfigurationList;
			buildConfigurations = (
				EFCD50BD2C9D138A00F95B16 /* Debug */,
				EFCD50BE2C9D138A00F95B16 /* Release */,
			);
			defaultConfigurationIsVisible = 0;
			defaultConfigurationName = Release;
		};
		EFCD50BF2C9D138A00F95B16 /* Build configuration list for PBXNativeTarget "Le MonitorUITests" */ = {
			isa = XCConfigurationList;
			buildConfigurations = (
				EFCD50C02C9D138A00F95B16 /* Debug */,
				EFCD50C12C9D138A00F95B16 /* Release */,
			);
			defaultConfigurationIsVisible = 0;
			defaultConfigurationName = Release;
		};
/* End XCConfigurationList section */

/* Begin XCLocalSwiftPackageReference section */
		EFCD50C22C9D1B1D00F95B16 /* XCLocalSwiftPackageReference "../../../Swift Packages/LLM.swift-main" */ = {
			isa = XCLocalSwiftPackageReference;
			relativePath = "../../../Swift Packages/LLM.swift-main";
		};
/* End XCLocalSwiftPackageReference section */

/* Begin XCSwiftPackageProductDependency section */
		EFCD50C32C9D1B1D00F95B16 /* LLM */ = {
			isa = XCSwiftPackageProductDependency;
			productName = LLM;
		};
/* End XCSwiftPackageProductDependency section */
	};
	rootObject = EFCD508C2C9D138800F95B16 /* Project object */;
}
